// !$*UTF8*$!
{
	archiveVersion = 1;
	classes = {
	};
	objectVersion = 77;
	objects = {

/* Begin PBXBuildFile section */
		1779A77E2DDC6DC10035836C /* WidgetKit.framework in Frameworks */ = {isa = PBXBuildFile; fileRef = 1779A77D2DDC6DC10035836C /* WidgetKit.framework */; };
		1779A77F2DDC6DC10035836C /* SwiftUI.framework in Frameworks */ = {isa = PBXBuildFile; fileRef = 1779A7632DDC6BDD0035836C /* SwiftUI.framework */; };
		1779A78B2DDC6DC20035836C /* MotivationWidgetExtensionExtension.appex in Embed Foundation Extensions */ = {isa = PBXBuildFile; fileRef = 1779A77C2DDC6DC10035836C /* MotivationWidgetExtensionExtension.appex */; settings = {ATTRIBUTES = (RemoveHeadersOnCopy, ); }; };
		1779A7972DDC76BE0035836C /* Supabase in Frameworks */ = {isa = PBXBuildFile; productRef = 1779A7962DDC76BE0035836C /* Supabase */; };
		1779A7992DDC76CE0035836C /* Supabase in Frameworks */ = {isa = PBXBuildFile; productRef = 1779A7982DDC76CE0035836C /* Supabase */; };
/* End PBXBuildFile section */

/* Begin PBXContainerItemProxy section */
		1779A7892DDC6DC20035836C /* PBXContainerItemProxy */ = {
			isa = PBXContainerItemProxy;
			containerPortal = 1779A7432DDC6B110035836C /* Project object */;
			proxyType = 1;
			remoteGlobalIDString = 1779A77B2DDC6DC10035836C;
			remoteInfo = MotivationWidgetExtensionExtension;
		};
/* End PBXContainerItemProxy section */

/* Begin PBXCopyFilesBuildPhase section */
		1779A7772DDC6BDE0035836C /* Embed Foundation Extensions */ = {
			isa = PBXCopyFilesBuildPhase;
			buildActionMask = 2147483647;
			dstPath = "";
			dstSubfolderSpec = 13;
			files = (
				1779A78B2DDC6DC20035836C /* MotivationWidgetExtensionExtension.appex in Embed Foundation Extensions */,
			);
			name = "Embed Foundation Extensions";
			runOnlyForDeploymentPostprocessing = 0;
		};
/* End PBXCopyFilesBuildPhase section */

/* Begin PBXFileReference section */
		1779A74B2DDC6B110035836C /* MotiVate.app */ = {isa = PBXFileReference; explicitFileType = wrapper.application; includeInIndex = 0; path = MotiVate.app; sourceTree = BUILT_PRODUCTS_DIR; };
		1779A7632DDC6BDD0035836C /* SwiftUI.framework */ = {isa = PBXFileReference; lastKnownFileType = wrapper.framework; name = SwiftUI.framework; path = System/Library/Frameworks/SwiftUI.framework; sourceTree = SDKROOT; };
		1779A77C2DDC6DC10035836C /* MotivationWidgetExtensionExtension.appex */ = {isa = PBXFileReference; explicitFileType = "wrapper.app-extension"; includeInIndex = 0; path = MotivationWidgetExtensionExtension.appex; sourceTree = BUILT_PRODUCTS_DIR; };
		1779A77D2DDC6DC10035836C /* WidgetKit.framework */ = {isa = PBXFileReference; lastKnownFileType = wrapper.framework; name = WidgetKit.framework; path = System/Library/Frameworks/WidgetKit.framework; sourceTree = SDKROOT; };
/* End PBXFileReference section */

/* Begin PBXFileSystemSynchronizedBuildFileExceptionSet section */
		1779A78C2DDC6DC20035836C /* Exceptions for "MotivationWidgetExtension" folder in "MotivationWidgetExtensionExtension" target */ = {
			isa = PBXFileSystemSynchronizedBuildFileExceptionSet;
			membershipExceptions = (
				Info.plist,
			);
			target = 1779A77B2DDC6DC10035836C /* MotivationWidgetExtensionExtension */;
		};
		1779A7952DDC72360035836C /* Exceptions for "MotiVate" folder in "MotivationWidgetExtensionExtension" target */ = {
			isa = PBXFileSystemSynchronizedBuildFileExceptionSet;
			membershipExceptions = (
				core/SharedModels.swift,
				core/SupabaseClient.swift,
				"OfflineImages/0-009_My_disability_is_that_I_cannot_use_m.jpeg",
				"OfflineImages/0-012_Get_busy_living_or_get_busy_dying_.jpeg",
				"OfflineImages/0-015_It_is_a_waste_of_time_to_be_angry_ab.jpeg",
				"OfflineImages/0-024_Courage_begins_when_you_refuse_to_le.jpeg",
				"OfflineImages/0-027_Pain_is_inevitable_Misery_is_a_choi.jpeg",
				"OfflineImages/0-028_Pain_is_pain_Broken_is_broken_FEAR.jpeg",
				"OfflineImages/0-034_Pain_can_only_feed_on_pain_Pain_can.jpeg",
				"OfflineImages/0-035_When_pain_screams_answer_softly_S.jpeg",
				"OfflineImages/0-045_No_one_really_tells_you_how_hard_it_.jpeg",
				"OfflineImages/0-046_7_RULES_OF_LIFE_1_Let_it_go_2_I.jpeg",
				"OfflineImages/0-048_In_case_no_one_told_you_today_you_m.jpeg",
				"OfflineImages/0-051_I_will_never_quit_I_persevere_and_t.jpeg",
				"OfflineImages/0-053_The_strength_your_family_shows_in_su.jpeg",
				"OfflineImages/0-055_You_re_still_you_And_I_love_you.jpeg",
				"OfflineImages/0-058_Self-pity_is_our_worst_enemy_and_if.jpeg",
				"OfflineImages/0-073_The_40_rule_is_simple_When_your_mi.jpeg",
				"OfflineImages/0-074_Pain_is_temporary_It_may_last_a_min.jpeg",
				"OfflineImages/0-076_When_pain_is_overwhelming_and_my_body.jpeg",
				OfflineImages/003_So_many_of_our_dreams_at_first.jpeg,
				"OfflineImages/4-005_Some_people_are_walking_around_with_.jpeg",
				OfflineImages/40_percent_rule.jpeg,
				OfflineImages/bravery.jpg,
				"OfflineImages/ChatGPT Image May 21, 2025, 07_12_28 PM.jpeg",
				"OfflineImages/ChatGPT Image May 22, 2025, 07_30_16 PM.jpeg",
				"OfflineImages/I_still_have_my_mind1 (1).jpeg",
				"OfflineImages/Life_can_change_in_A minute.jpeg",
				OfflineImages/Pain_is_the_mind.jpeg,
				OfflineImages/reeves.jpg,
				"OfflineImages/Screenshot 2025-05-22 at 9.11.00 pm.jpeg",
			);
			target = 1779A77B2DDC6DC10035836C /* MotivationWidgetExtensionExtension */;
		};
/* End PBXFileSystemSynchronizedBuildFileExceptionSet section */

/* Begin PBXFileSystemSynchronizedRootGroup section */
		1779A74D2DDC6B110035836C /* MotiVate */ = {
			isa = PBXFileSystemSynchronizedRootGroup;
			exceptions = (
				1779A7952DDC72360035836C /* Exceptions for "MotiVate" folder in "MotivationWidgetExtensionExtension" target */,
			);
			path = MotiVate;
			sourceTree = "<group>";
		};
		1779A7802DDC6DC10035836C /* MotivationWidgetExtension */ = {
			isa = PBXFileSystemSynchronizedRootGroup;
			exceptions = (
				1779A78C2DDC6DC20035836C /* Exceptions for "MotivationWidgetExtension" folder in "MotivationWidgetExtensionExtension" target */,
			);
			path = MotivationWidgetExtension;
			sourceTree = "<group>";
		};
/* End PBXFileSystemSynchronizedRootGroup section */

/* Begin PBXFrameworksBuildPhase section */
		1779A7482DDC6B110035836C /* Frameworks */ = {
			isa = PBXFrameworksBuildPhase;
			buildActionMask = 2147483647;
			files = (
				1779A7972DDC76BE0035836C /* Supabase in Frameworks */,
			);
			runOnlyForDeploymentPostprocessing = 0;
		};
		1779A7792DDC6DC10035836C /* Frameworks */ = {
			isa = PBXFrameworksBuildPhase;
			buildActionMask = 2147483647;
			files = (
				1779A77F2DDC6DC10035836C /* SwiftUI.framework in Frameworks */,
				1779A77E2DDC6DC10035836C /* WidgetKit.framework in Frameworks */,
				1779A7992DDC76CE0035836C /* Supabase in Frameworks */,
			);
			runOnlyForDeploymentPostprocessing = 0;
		};
/* End PBXFrameworksBuildPhase section */

/* Begin PBXGroup section */
		1779A7422DDC6B110035836C = {
			isa = PBXGroup;
			children = (
				1779A74D2DDC6B110035836C /* MotiVate */,
				1779A7802DDC6DC10035836C /* MotivationWidgetExtension */,
				1779A7602DDC6BDC0035836C /* Frameworks */,
				1779A74C2DDC6B110035836C /* Products */,
			);
			sourceTree = "<group>";
		};
		1779A74C2DDC6B110035836C /* Products */ = {
			isa = PBXGroup;
			children = (
				1779A74B2DDC6B110035836C /* MotiVate.app */,
				1779A77C2DDC6DC10035836C /* MotivationWidgetExtensionExtension.appex */,
			);
			name = Products;
			sourceTree = "<group>";
		};
		1779A7602DDC6BDC0035836C /* Frameworks */ = {
			isa = PBXGroup;
			children = (
				1779A7632DDC6BDD0035836C /* SwiftUI.framework */,
				1779A77D2DDC6DC10035836C /* WidgetKit.framework */,
			);
			name = Frameworks;
			sourceTree = "<group>";
		};
/* End PBXGroup section */

/* Begin PBXNativeTarget section */
		1779A74A2DDC6B110035836C /* MotiVate */ = {
			isa = PBXNativeTarget;
			buildConfigurationList = 1779A7572DDC6B130035836C /* Build configuration list for PBXNativeTarget "MotiVate" */;
			buildPhases = (
				1779A7472DDC6B110035836C /* Sources */,
				1779A7482DDC6B110035836C /* Frameworks */,
				1779A7492DDC6B110035836C /* Resources */,
				1779A7772DDC6BDE0035836C /* Embed Foundation Extensions */,
			);
			buildRules = (
			);
			dependencies = (
				1779A78A2DDC6DC20035836C /* PBXTargetDependency */,
			);
			fileSystemSynchronizedGroups = (
				1779A74D2DDC6B110035836C /* MotiVate */,
			);
			name = MotiVate;
			packageProductDependencies = (
				1779A7962DDC76BE0035836C /* Supabase */,
			);
			productName = MotiVate;
			productReference = 1779A74B2DDC6B110035836C /* MotiVate.app */;
			productType = "com.apple.product-type.application";
		};
		1779A77B2DDC6DC10035836C /* MotivationWidgetExtensionExtension */ = {
			isa = PBXNativeTarget;
			buildConfigurationList = 1779A78D2DDC6DC20035836C /* Build configuration list for PBXNativeTarget "MotivationWidgetExtensionExtension" */;
			buildPhases = (
				1779A7782DDC6DC10035836C /* Sources */,
				1779A7792DDC6DC10035836C /* Frameworks */,
				1779A77A2DDC6DC10035836C /* Resources */,
			);
			buildRules = (
			);
			dependencies = (
			);
			fileSystemSynchronizedGroups = (
				1779A7802DDC6DC10035836C /* MotivationWidgetExtension */,
			);
			name = MotivationWidgetExtensionExtension;
			packageProductDependencies = (
				1779A7982DDC76CE0035836C /* Supabase */,
			);
			productName = MotivationWidgetExtensionExtension;
			productReference = 1779A77C2DDC6DC10035836C /* MotivationWidgetExtensionExtension.appex */;
			productType = "com.apple.product-type.app-extension";
		};
/* End PBXNativeTarget section */

/* Begin PBXProject section */
		1779A7432DDC6B110035836C /* Project object */ = {
			isa = PBXProject;
			attributes = {
				BuildIndependentTargetsInParallel = 1;
				LastSwiftUpdateCheck = 1630;
				LastUpgradeCheck = 1630;
				TargetAttributes = {
					1779A74A2DDC6B110035836C = {
						CreatedOnToolsVersion = 16.3;
					};
					1779A77B2DDC6DC10035836C = {
						CreatedOnToolsVersion = 16.3;
					};
				};
			};
			buildConfigurationList = 1779A7462DDC6B110035836C /* Build configuration list for PBXProject "MotiVate" */;
			developmentRegion = en;
			hasScannedForEncodings = 0;
			knownRegions = (
				en,
				Base,
			);
			mainGroup = 1779A7422DDC6B110035836C;
			minimizedProjectReferenceProxies = 1;
			packageReferences = (
				1779A75A2DDC6B5E0035836C /* XCRemoteSwiftPackageReference "supabase-swift" */,
			);
			preferredProjectObjectVersion = 77;
			productRefGroup = 1779A74C2DDC6B110035836C /* Products */;
			projectDirPath = "";
			projectRoot = "";
			targets = (
				1779A74A2DDC6B110035836C /* MotiVate */,
				1779A77B2DDC6DC10035836C /* MotivationWidgetExtensionExtension */,
			);
		};
/* End PBXProject section */

/* Begin PBXResourcesBuildPhase section */
		1779A7492DDC6B110035836C /* Resources */ = {
			isa = PBXResourcesBuildPhase;
			buildActionMask = 2147483647;
			files = (
			);
			runOnlyForDeploymentPostprocessing = 0;
		};
		1779A77A2DDC6DC10035836C /* Resources */ = {
			isa = PBXResourcesBuildPhase;
			buildActionMask = 2147483647;
			files = (
			);
			runOnlyForDeploymentPostprocessing = 0;
		};
/* End PBXResourcesBuildPhase section */

/* Begin PBXSourcesBuildPhase section */
		1779A7472DDC6B110035836C /* Sources */ = {
			isa = PBXSourcesBuildPhase;
			buildActionMask = 2147483647;
			files = (
			);
			runOnlyForDeploymentPostprocessing = 0;
		};
		1779A7782DDC6DC10035836C /* Sources */ = {
			isa = PBXSourcesBuildPhase;
			buildActionMask = 2147483647;
			files = (
			);
			runOnlyForDeploymentPostprocessing = 0;
		};
/* End PBXSourcesBuildPhase section */

/* Begin PBXTargetDependency section */
		1779A78A2DDC6DC20035836C /* PBXTargetDependency */ = {
			isa = PBXTargetDependency;
			target = 1779A77B2DDC6DC10035836C /* MotivationWidgetExtensionExtension */;
			targetProxy = 1779A7892DDC6DC20035836C /* PBXContainerItemProxy */;
		};
/* End PBXTargetDependency section */

/* Begin XCBuildConfiguration section */
		1779A7552DDC6B130035836C /* Debug */ = {
			isa = XCBuildConfiguration;
			buildSettings = {
				ALWAYS_SEARCH_USER_PATHS = NO;
				ASSETCATALOG_COMPILER_GENERATE_SWIFT_ASSET_SYMBOL_EXTENSIONS = YES;
				CLANG_ANALYZER_NONNULL = YES;
				CLANG_ANALYZER_NUMBER_OBJECT_CONVERSION = YES_AGGRESSIVE;
				CLANG_CXX_LANGUAGE_STANDARD = "gnu++20";
				CLANG_ENABLE_MODULES = YES;
				CLANG_ENABLE_OBJC_ARC = YES;
				CLANG_ENABLE_OBJC_WEAK = YES;
				CLANG_WARN_BLOCK_CAPTURE_AUTORELEASING = YES;
				CLANG_WARN_BOOL_CONVERSION = YES;
				CLANG_WARN_COMMA = YES;
				CLANG_WARN_CONSTANT_CONVERSION = YES;
				CLANG_WARN_DEPRECATED_OBJC_IMPLEMENTATIONS = YES;
				CLANG_WARN_DIRECT_OBJC_ISA_USAGE = YES_ERROR;
				CLANG_WARN_DOCUMENTATION_COMMENTS = YES;
				CLANG_WARN_EMPTY_BODY = YES;
				CLANG_WARN_ENUM_CONVERSION = YES;
				CLANG_WARN_INFINITE_RECURSION = YES;
				CLANG_WARN_INT_CONVERSION = YES;
				CLANG_WARN_NON_LITERAL_NULL_CONVERSION = YES;
				CLANG_WARN_OBJC_IMPLICIT_RETAIN_SELF = YES;
				CLANG_WARN_OBJC_LITERAL_CONVERSION = YES;
				CLANG_WARN_OBJC_ROOT_CLASS = YES_ERROR;
				CLANG_WARN_QUOTED_INCLUDE_IN_FRAMEWORK_HEADER = YES;
				CLANG_WARN_RANGE_LOOP_ANALYSIS = YES;
				CLANG_WARN_STRICT_PROTOTYPES = YES;
				CLANG_WARN_SUSPICIOUS_MOVE = YES;
				CLANG_WARN_UNGUARDED_AVAILABILITY = YES_AGGRESSIVE;
				CLANG_WARN_UNREACHABLE_CODE = YES;
				CLANG_WARN__DUPLICATE_METHOD_MATCH = YES;
				COPY_PHASE_STRIP = NO;
				DEBUG_INFORMATION_FORMAT = dwarf;
				DEVELOPMENT_TEAM = 4R94388LH8;
				ENABLE_STRICT_OBJC_MSGSEND = YES;
				ENABLE_TESTABILITY = YES;
				ENABLE_USER_SCRIPT_SANDBOXING = YES;
				GCC_C_LANGUAGE_STANDARD = gnu17;
				GCC_DYNAMIC_NO_PIC = NO;
				GCC_NO_COMMON_BLOCKS = YES;
				GCC_OPTIMIZATION_LEVEL = 0;
				GCC_PREPROCESSOR_DEFINITIONS = (
					"DEBUG=1",
					"$(inherited)",
				);
				GCC_WARN_64_TO_32_BIT_CONVERSION = YES;
				GCC_WARN_ABOUT_RETURN_TYPE = YES_ERROR;
				GCC_WARN_UNDECLARED_SELECTOR = YES;
				GCC_WARN_UNINITIALIZED_AUTOS = YES_AGGRESSIVE;
				GCC_WARN_UNUSED_FUNCTION = YES;
				GCC_WARN_UNUSED_VARIABLE = YES;
				LOCALIZATION_PREFERS_STRING_CATALOGS = YES;
				MACOSX_DEPLOYMENT_TARGET = 15.4;
				MTL_ENABLE_DEBUG_INFO = INCLUDE_SOURCE;
				MTL_FAST_MATH = YES;
				ONLY_ACTIVE_ARCH = YES;
				SDKROOT = macosx;
				SWIFT_ACTIVE_COMPILATION_CONDITIONS = "DEBUG $(inherited)";
				SWIFT_OPTIMIZATION_LEVEL = "-Onone";
			};
			name = Debug;
		};
		1779A7562DDC6B130035836C /* Release */ = {
			isa = XCBuildConfiguration;
			buildSettings = {
				ALWAYS_SEARCH_USER_PATHS = NO;
				ASSETCATALOG_COMPILER_GENERATE_SWIFT_ASSET_SYMBOL_EXTENSIONS = YES;
				CLANG_ANALYZER_NONNULL = YES;
				CLANG_ANALYZER_NUMBER_OBJECT_CONVERSION = YES_AGGRESSIVE;
				CLANG_CXX_LANGUAGE_STANDARD = "gnu++20";
				CLANG_ENABLE_MODULES = YES;
				CLANG_ENABLE_OBJC_ARC = YES;
				CLANG_ENABLE_OBJC_WEAK = YES;
				CLANG_WARN_BLOCK_CAPTURE_AUTORELEASING = YES;
				CLANG_WARN_BOOL_CONVERSION = YES;
				CLANG_WARN_COMMA = YES;
				CLANG_WARN_CONSTANT_CONVERSION = YES;
				CLANG_WARN_DEPRECATED_OBJC_IMPLEMENTATIONS = YES;
				CLANG_WARN_DIRECT_OBJC_ISA_USAGE = YES_ERROR;
				CLANG_WARN_DOCUMENTATION_COMMENTS = YES;
				CLANG_WARN_EMPTY_BODY = YES;
				CLANG_WARN_ENUM_CONVERSION = YES;
				CLANG_WARN_INFINITE_RECURSION = YES;
				CLANG_WARN_INT_CONVERSION = YES;
				CLANG_WARN_NON_LITERAL_NULL_CONVERSION = YES;
				CLANG_WARN_OBJC_IMPLICIT_RETAIN_SELF = YES;
				CLANG_WARN_OBJC_LITERAL_CONVERSION = YES;
				CLANG_WARN_OBJC_ROOT_CLASS = YES_ERROR;
				CLANG_WARN_QUOTED_INCLUDE_IN_FRAMEWORK_HEADER = YES;
				CLANG_WARN_RANGE_LOOP_ANALYSIS = YES;
				CLANG_WARN_STRICT_PROTOTYPES = YES;
				CLANG_WARN_SUSPICIOUS_MOVE = YES;
				CLANG_WARN_UNGUARDED_AVAILABILITY = YES_AGGRESSIVE;
				CLANG_WARN_UNREACHABLE_CODE = YES;
				CLANG_WARN__DUPLICATE_METHOD_MATCH = YES;
				COPY_PHASE_STRIP = NO;
				DEBUG_INFORMATION_FORMAT = "dwarf-with-dsym";
				DEVELOPMENT_TEAM = 4R94388LH8;
				ENABLE_NS_ASSERTIONS = NO;
				ENABLE_STRICT_OBJC_MSGSEND = YES;
				ENABLE_USER_SCRIPT_SANDBOXING = YES;
				GCC_C_LANGUAGE_STANDARD = gnu17;
				GCC_NO_COMMON_BLOCKS = YES;
				GCC_WARN_64_TO_32_BIT_CONVERSION = YES;
				GCC_WARN_ABOUT_RETURN_TYPE = YES_ERROR;
				GCC_WARN_UNDECLARED_SELECTOR = YES;
				GCC_WARN_UNINITIALIZED_AUTOS = YES_AGGRESSIVE;
				GCC_WARN_UNUSED_FUNCTION = YES;
				GCC_WARN_UNUSED_VARIABLE = YES;
				LOCALIZATION_PREFERS_STRING_CATALOGS = YES;
				MACOSX_DEPLOYMENT_TARGET = 15.4;
				MTL_ENABLE_DEBUG_INFO = NO;
				MTL_FAST_MATH = YES;
				SDKROOT = macosx;
				SWIFT_COMPILATION_MODE = wholemodule;
			};
			name = Release;
		};
		1779A7582DDC6B130035836C /* Debug */ = {
			isa = XCBuildConfiguration;
			buildSettings = {
				ASSETCATALOG_COMPILER_APPICON_NAME = AppIcon;
				ASSETCATALOG_COMPILER_GLOBAL_ACCENT_COLOR_NAME = AccentColor;
				ASSETCATALOG_COMPILER_INCLUDE_ALL_APPICON_ASSETS = YES;
				CODE_SIGN_ENTITLEMENTS = MotiVate/MotiVate.entitlements;
				CODE_SIGN_STYLE = Automatic;
				COMBINE_HIDPI_IMAGES = YES;
				CURRENT_PROJECT_VERSION = 1;
				DEVELOPMENT_TEAM = 4R94388LH8;
				ENABLE_HARDENED_RUNTIME = YES;
				ENABLE_PREVIEWS = YES;
				GENERATE_INFOPLIST_FILE = YES;
				INFOPLIST_KEY_CFBundleDisplayName = MotiVate;
				INFOPLIST_KEY_LSApplicationCategoryType = "public.app-category.healthcare-fitness";
				INFOPLIST_KEY_NSHumanReadableCopyright = "";
				LD_RUNPATH_SEARCH_PATHS = (
					"$(inherited)",
					"@executable_path/../Frameworks",
				);
				MARKETING_VERSION = 1.0;
				PRODUCT_BUNDLE_IDENTIFIER = myaccessibility.ai.MotiVate;
				PRODUCT_NAME = "$(TARGET_NAME)";
				REGISTER_APP_GROUPS = YES;
				SWIFT_EMIT_LOC_STRINGS = YES;
				SWIFT_VERSION = 5.0;
			};
			name = Debug;
		};
		1779A7592DDC6B130035836C /* Release */ = {
			isa = XCBuildConfiguration;
			buildSettings = {
				ASSETCATALOG_COMPILER_APPICON_NAME = AppIcon;
				ASSETCATALOG_COMPILER_GLOBAL_ACCENT_COLOR_NAME = AccentColor;
				ASSETCATALOG_COMPILER_INCLUDE_ALL_APPICON_ASSETS = YES;
				CODE_SIGN_ENTITLEMENTS = MotiVate/MotiVate.entitlements;
				CODE_SIGN_STYLE = Automatic;
				COMBINE_HIDPI_IMAGES = YES;
				CURRENT_PROJECT_VERSION = 1;
				DEVELOPMENT_TEAM = 4R94388LH8;
				ENABLE_HARDENED_RUNTIME = YES;
				ENABLE_PREVIEWS = YES;
				GENERATE_INFOPLIST_FILE = YES;
				INFOPLIST_KEY_CFBundleDisplayName = MotiVate;
				INFOPLIST_KEY_LSApplicationCategoryType = "public.app-category.healthcare-fitness";
				INFOPLIST_KEY_NSHumanReadableCopyright = "";
				LD_RUNPATH_SEARCH_PATHS = (
					"$(inherited)",
					"@executable_path/../Frameworks",
				);
				MARKETING_VERSION = 1.0;
				PRODUCT_BUNDLE_IDENTIFIER = myaccessibility.ai.MotiVate;
				PRODUCT_NAME = "$(TARGET_NAME)";
				REGISTER_APP_GROUPS = YES;
				SWIFT_EMIT_LOC_STRINGS = YES;
				SWIFT_VERSION = 5.0;
			};
			name = Release;
		};
		1779A78E2DDC6DC20035836C /* Debug */ = {
			isa = XCBuildConfiguration;
			buildSettings = {
				ASSETCATALOG_COMPILER_GLOBAL_ACCENT_COLOR_NAME = AccentColor;
				ASSETCATALOG_COMPILER_WIDGET_BACKGROUND_COLOR_NAME = WidgetBackground;
				CODE_SIGN_ENTITLEMENTS = MotivationWidgetExtension/MotivationWidgetExtension.entitlements;
				CODE_SIGN_STYLE = Automatic;
				CURRENT_PROJECT_VERSION = 1;
				DEVELOPMENT_ASSET_PATHS = "";
				DEVELOPMENT_TEAM = 4R94388LH8;
				ENABLE_HARDENED_RUNTIME = YES;
				GENERATE_INFOPLIST_FILE = YES;
				INFOPLIST_FILE = MotivationWidgetExtension/Info.plist;
				INFOPLIST_KEY_CFBundleDisplayName = MotivationWidgetExtension;
				INFOPLIST_KEY_NSHumanReadableCopyright = "";
				LD_RUNPATH_SEARCH_PATHS = (
					"$(inherited)",
					"@executable_path/../Frameworks",
					"@executable_path/../../../../Frameworks",
				);
				MARKETING_VERSION = 1.0;
				PRODUCT_BUNDLE_IDENTIFIER = myaccessibility.ai.MotiVate.MotivationWidgetExtension;
				PRODUCT_NAME = "$(TARGET_NAME)";
				REGISTER_APP_GROUPS = YES;
				SKIP_INSTALL = YES;
				SWIFT_EMIT_LOC_STRINGS = YES;
				SWIFT_VERSION = 5.0;
			};
			name = Debug;
		};
		1779A78F2DDC6DC20035836C /* Release */ = {
			isa = XCBuildConfiguration;
			buildSettings = {
				ASSETCATALOG_COMPILER_GLOBAL_ACCENT_COLOR_NAME = AccentColor;
				ASSETCATALOG_COMPILER_WIDGET_BACKGROUND_COLOR_NAME = WidgetBackground;
				CODE_SIGN_ENTITLEMENTS = MotivationWidgetExtension/MotivationWidgetExtension.entitlements;
				CODE_SIGN_STYLE = Automatic;
				CURRENT_PROJECT_VERSION = 1;
				DEVELOPMENT_ASSET_PATHS = "";
				DEVELOPMENT_TEAM = 4R94388LH8;
				ENABLE_HARDENED_RUNTIME = YES;
				GENERATE_INFOPLIST_FILE = YES;
				INFOPLIST_FILE = MotivationWidgetExtension/Info.plist;
				INFOPLIST_KEY_CFBundleDisplayName = MotivationWidgetExtension;
				INFOPLIST_KEY_NSHumanReadableCopyright = "";
				LD_RUNPATH_SEARCH_PATHS = (
					"$(inherited)",
					"@executable_path/../Frameworks",
					"@executable_path/../../../../Frameworks",
				);
				MARKETING_VERSION = 1.0;
				PRODUCT_BUNDLE_IDENTIFIER = myaccessibility.ai.MotiVate.MotivationWidgetExtension;
				PRODUCT_NAME = "$(TARGET_NAME)";
				REGISTER_APP_GROUPS = YES;
				SKIP_INSTALL = YES;
				SWIFT_EMIT_LOC_STRINGS = YES;
				SWIFT_VERSION = 5.0;
			};
			name = Release;
		};
/* End XCBuildConfiguration section */

/* Begin XCConfigurationList section */
		1779A7462DDC6B110035836C /* Build configuration list for PBXProject "MotiVate" */ = {
			isa = XCConfigurationList;
			buildConfigurations = (
				1779A7552DDC6B130035836C /* Debug */,
				1779A7562DDC6B130035836C /* Release */,
			);
			defaultConfigurationIsVisible = 0;
			defaultConfigurationName = Release;
		};
		1779A7572DDC6B130035836C /* Build configuration list for PBXNativeTarget "MotiVate" */ = {
			isa = XCConfigurationList;
			buildConfigurations = (
				1779A7582DDC6B130035836C /* Debug */,
				1779A7592DDC6B130035836C /* Release */,
			);
			defaultConfigurationIsVisible = 0;
			defaultConfigurationName = Release;
		};
		1779A78D2DDC6DC20035836C /* Build configuration list for PBXNativeTarget "MotivationWidgetExtensionExtension" */ = {
			isa = XCConfigurationList;
			buildConfigurations = (
				1779A78E2DDC6DC20035836C /* Debug */,
				1779A78F2DDC6DC20035836C /* Release */,
			);
			defaultConfigurationIsVisible = 0;
			defaultConfigurationName = Release;
		};
/* End XCConfigurationList section */

/* Begin XCRemoteSwiftPackageReference section */
		1779A75A2DDC6B5E0035836C /* XCRemoteSwiftPackageReference "supabase-swift" */ = {
			isa = XCRemoteSwiftPackageReference;
			repositoryURL = "https://github.com/supabase/supabase-swift";
			requirement = {
				kind = upToNextMajorVersion;
				minimumVersion = 2.5.1;
			};
		};
/* End XCRemoteSwiftPackageReference section */

/* Begin XCSwiftPackageProductDependency section */
		1779A7962DDC76BE0035836C /* Supabase */ = {
			isa = XCSwiftPackageProductDependency;
			package = 1779A75A2DDC6B5E0035836C /* XCRemoteSwiftPackageReference "supabase-swift" */;
			productName = Supabase;
		};
		1779A7982DDC76CE0035836C /* Supabase */ = {
			isa = XCSwiftPackageProductDependency;
			package = 1779A75A2DDC6B5E0035836C /* XCRemoteSwiftPackageReference "supabase-swift" */;
			productName = Supabase;
		};
/* End XCSwiftPackageProductDependency section */
	};
	rootObject = 1779A7432DDC6B110035836C /* Project object */;
}
